// !$*UTF8*$!
{
	archiveVersion = 1;
	classes = {
	};
	objectVersion = 46;
	objects = {

/* Begin PBXBuildFile section */
		2BF335E62C09306F0950C3DE /* Pods_Makestagram.framework in Frameworks */ = {isa = PBXBuildFile; fileRef = 459D42A63E0AE93DC2EB17D4 /* Pods_Makestagram.framework */; };
		AE4A66FC1EFD767100E560BE /* AppDelegate.swift in Sources */ = {isa = PBXBuildFile; fileRef = AE4A66FB1EFD767100E560BE /* AppDelegate.swift */; };
		AE4A67031EFD767100E560BE /* Assets.xcassets in Resources */ = {isa = PBXBuildFile; fileRef = AE4A67021EFD767100E560BE /* Assets.xcassets */; };
		AE62FB261F01749D00B43C5A /* GoogleService-Info.plist in Resources */ = {isa = PBXBuildFile; fileRef = AE62FB251F01749D00B43C5A /* GoogleService-Info.plist */; };
		AE62FB281F0174C600B43C5A /* Main.storyboard in Resources */ = {isa = PBXBuildFile; fileRef = AE62FB271F0174C600B43C5A /* Main.storyboard */; };
		AE62FB301F01756E00B43C5A /* LaunchScreen.storyboard in Resources */ = {isa = PBXBuildFile; fileRef = AE62FB2F1F01756E00B43C5A /* LaunchScreen.storyboard */; };
		AE62FB351F01791200B43C5A /* Login.storyboard in Resources */ = {isa = PBXBuildFile; fileRef = AE62FB341F01791200B43C5A /* Login.storyboard */; };
		AE62FB371F0179CA00B43C5A /* LoginViewController.swift in Sources */ = {isa = PBXBuildFile; fileRef = AE62FB361F0179CA00B43C5A /* LoginViewController.swift */; };
		AE62FB3A1F01A1FE00B43C5A /* User.swift in Sources */ = {isa = PBXBuildFile; fileRef = AE62FB391F01A1FE00B43C5A /* User.swift */; };
		AE62FB3C1F01ACB500B43C5A /* CreateUsernameViewController.swift in Sources */ = {isa = PBXBuildFile; fileRef = AE62FB3B1F01ACB500B43C5A /* CreateUsernameViewController.swift */; };
		AE62FB411F01B44F00B43C5A /* UserService.swift in Sources */ = {isa = PBXBuildFile; fileRef = AE62FB401F01B44F00B43C5A /* UserService.swift */; };
		AE62FB431F01BFE300B43C5A /* Constants.swift in Sources */ = {isa = PBXBuildFile; fileRef = AE62FB421F01BFE300B43C5A /* Constants.swift */; };
		AE62FB461F01C09300B43C5A /* Storyboard+Utility.swift in Sources */ = {isa = PBXBuildFile; fileRef = AE62FB451F01C09300B43C5A /* Storyboard+Utility.swift */; };
		AE62FB481F02BD8700B43C5A /* HomeViewController.swift in Sources */ = {isa = PBXBuildFile; fileRef = AE62FB471F02BD8700B43C5A /* HomeViewController.swift */; };
		AE62FB4A1F02BD9600B43C5A /* FindFriendsViewController.swift in Sources */ = {isa = PBXBuildFile; fileRef = AE62FB491F02BD9600B43C5A /* FindFriendsViewController.swift */; };
		AE62FB4C1F02C2F700B43C5A /* MainTabBarController.swift in Sources */ = {isa = PBXBuildFile; fileRef = AE62FB4B1F02C2F700B43C5A /* MainTabBarController.swift */; };
		AE62FB511F02C4C100B43C5A /* MGPhotoHelper.swift in Sources */ = {isa = PBXBuildFile; fileRef = AE62FB501F02C4C100B43C5A /* MGPhotoHelper.swift */; };
		AE62FB531F02CAE300B43C5A /* StorageService.swift in Sources */ = {isa = PBXBuildFile; fileRef = AE62FB521F02CAE300B43C5A /* StorageService.swift */; };
		AE62FB551F02CB7E00B43C5A /* PostService.swift in Sources */ = {isa = PBXBuildFile; fileRef = AE62FB541F02CB7E00B43C5A /* PostService.swift */; };
		AE62FB571F02CFB300B43C5A /* Post.swift in Sources */ = {isa = PBXBuildFile; fileRef = AE62FB561F02CFB300B43C5A /* Post.swift */; };
		AE83A3501F02D289007CC939 /* UIImage+Size.swift in Sources */ = {isa = PBXBuildFile; fileRef = AE83A34F1F02D289007CC939 /* UIImage+Size.swift */; };
		AE83A3521F02D347007CC939 /* StorageReference+Post.swift in Sources */ = {isa = PBXBuildFile; fileRef = AE83A3511F02D347007CC939 /* StorageReference+Post.swift */; };
		AE83A3561F02DAE3007CC939 /* Home.storyboard in Resources */ = {isa = PBXBuildFile; fileRef = AE83A3551F02DAE3007CC939 /* Home.storyboard */; };
		AE83A3591F02E0B6007CC939 /* PostImageCell.swift in Sources */ = {isa = PBXBuildFile; fileRef = AE83A3581F02E0B6007CC939 /* PostImageCell.swift */; };
		AE91EE4D1F02FD530090B4D2 /* PostHeaderCell.swift in Sources */ = {isa = PBXBuildFile; fileRef = AE91EE4C1F02FD530090B4D2 /* PostHeaderCell.swift */; };
		AE91EE4F1F02FED60090B4D2 /* PostActionCell.swift in Sources */ = {isa = PBXBuildFile; fileRef = AE91EE4E1F02FED60090B4D2 /* PostActionCell.swift */; };
		AE91EE511F030D6A0090B4D2 /* LikeService.swift in Sources */ = {isa = PBXBuildFile; fileRef = AE91EE501F030D6A0090B4D2 /* LikeService.swift */; };
/* End PBXBuildFile section */

/* Begin PBXFileReference section */
		459D42A63E0AE93DC2EB17D4 /* Pods_Makestagram.framework */ = {isa = PBXFileReference; explicitFileType = wrapper.framework; includeInIndex = 0; path = Pods_Makestagram.framework; sourceTree = BUILT_PRODUCTS_DIR; };
		A1F4056348A8A437DA678155 /* Pods-Makestagram.release.xcconfig */ = {isa = PBXFileReference; includeInIndex = 1; lastKnownFileType = text.xcconfig; name = "Pods-Makestagram.release.xcconfig"; path = "Pods/Target Support Files/Pods-Makestagram/Pods-Makestagram.release.xcconfig"; sourceTree = "<group>"; };
		AE4A66F81EFD767100E560BE /* Makestagram.app */ = {isa = PBXFileReference; explicitFileType = wrapper.application; includeInIndex = 0; path = Makestagram.app; sourceTree = BUILT_PRODUCTS_DIR; };
		AE4A66FB1EFD767100E560BE /* AppDelegate.swift */ = {isa = PBXFileReference; lastKnownFileType = sourcecode.swift; path = AppDelegate.swift; sourceTree = "<group>"; };
		AE4A67021EFD767100E560BE /* Assets.xcassets */ = {isa = PBXFileReference; lastKnownFileType = folder.assetcatalog; path = Assets.xcassets; sourceTree = "<group>"; };
		AE62FB251F01749D00B43C5A /* GoogleService-Info.plist */ = {isa = PBXFileReference; fileEncoding = 4; lastKnownFileType = text.plist.xml; path = "GoogleService-Info.plist"; sourceTree = "<group>"; };
		AE62FB271F0174C600B43C5A /* Main.storyboard */ = {isa = PBXFileReference; fileEncoding = 4; lastKnownFileType = file.storyboard; path = Main.storyboard; sourceTree = "<group>"; };
		AE62FB2D1F01756900B43C5A /* Info.plist */ = {isa = PBXFileReference; fileEncoding = 4; lastKnownFileType = text.plist.xml; name = Info.plist; path = Supporting/Info.plist; sourceTree = "<group>"; };
		AE62FB2F1F01756E00B43C5A /* LaunchScreen.storyboard */ = {isa = PBXFileReference; fileEncoding = 4; lastKnownFileType = file.storyboard; name = LaunchScreen.storyboard; path = Supporting/LaunchScreen.storyboard; sourceTree = "<group>"; };
		AE62FB341F01791200B43C5A /* Login.storyboard */ = {isa = PBXFileReference; fileEncoding = 4; lastKnownFileType = file.storyboard; path = Login.storyboard; sourceTree = "<group>"; };
		AE62FB361F0179CA00B43C5A /* LoginViewController.swift */ = {isa = PBXFileReference; fileEncoding = 4; lastKnownFileType = sourcecode.swift; path = LoginViewController.swift; sourceTree = "<group>"; };
		AE62FB391F01A1FE00B43C5A /* User.swift */ = {isa = PBXFileReference; fileEncoding = 4; lastKnownFileType = sourcecode.swift; path = User.swift; sourceTree = "<group>"; };
		AE62FB3B1F01ACB500B43C5A /* CreateUsernameViewController.swift */ = {isa = PBXFileReference; fileEncoding = 4; lastKnownFileType = sourcecode.swift; path = CreateUsernameViewController.swift; sourceTree = "<group>"; };
		AE62FB401F01B44F00B43C5A /* UserService.swift */ = {isa = PBXFileReference; fileEncoding = 4; lastKnownFileType = sourcecode.swift; path = UserService.swift; sourceTree = "<group>"; };
		AE62FB421F01BFE300B43C5A /* Constants.swift */ = {isa = PBXFileReference; fileEncoding = 4; lastKnownFileType = sourcecode.swift; path = Constants.swift; sourceTree = "<group>"; };
		AE62FB451F01C09300B43C5A /* Storyboard+Utility.swift */ = {isa = PBXFileReference; fileEncoding = 4; lastKnownFileType = sourcecode.swift; path = "Storyboard+Utility.swift"; sourceTree = "<group>"; };
		AE62FB471F02BD8700B43C5A /* HomeViewController.swift */ = {isa = PBXFileReference; fileEncoding = 4; lastKnownFileType = sourcecode.swift; path = HomeViewController.swift; sourceTree = "<group>"; };
		AE62FB491F02BD9600B43C5A /* FindFriendsViewController.swift */ = {isa = PBXFileReference; fileEncoding = 4; lastKnownFileType = sourcecode.swift; path = FindFriendsViewController.swift; sourceTree = "<group>"; };
		AE62FB4B1F02C2F700B43C5A /* MainTabBarController.swift */ = {isa = PBXFileReference; fileEncoding = 4; lastKnownFileType = sourcecode.swift; path = MainTabBarController.swift; sourceTree = "<group>"; };
		AE62FB501F02C4C100B43C5A /* MGPhotoHelper.swift */ = {isa = PBXFileReference; fileEncoding = 4; lastKnownFileType = sourcecode.swift; path = MGPhotoHelper.swift; sourceTree = "<group>"; };
		AE62FB521F02CAE300B43C5A /* StorageService.swift */ = {isa = PBXFileReference; fileEncoding = 4; lastKnownFileType = sourcecode.swift; path = StorageService.swift; sourceTree = "<group>"; };
		AE62FB541F02CB7E00B43C5A /* PostService.swift */ = {isa = PBXFileReference; fileEncoding = 4; lastKnownFileType = sourcecode.swift; path = PostService.swift; sourceTree = "<group>"; };
		AE62FB561F02CFB300B43C5A /* Post.swift */ = {isa = PBXFileReference; fileEncoding = 4; lastKnownFileType = sourcecode.swift; path = Post.swift; sourceTree = "<group>"; };
		AE83A34F1F02D289007CC939 /* UIImage+Size.swift */ = {isa = PBXFileReference; fileEncoding = 4; lastKnownFileType = sourcecode.swift; path = "UIImage+Size.swift"; sourceTree = "<group>"; };
		AE83A3511F02D347007CC939 /* StorageReference+Post.swift */ = {isa = PBXFileReference; fileEncoding = 4; lastKnownFileType = sourcecode.swift; path = "StorageReference+Post.swift"; sourceTree = "<group>"; };
		AE83A3551F02DAE3007CC939 /* Home.storyboard */ = {isa = PBXFileReference; fileEncoding = 4; lastKnownFileType = file.storyboard; path = Home.storyboard; sourceTree = "<group>"; };
		AE83A3581F02E0B6007CC939 /* PostImageCell.swift */ = {isa = PBXFileReference; fileEncoding = 4; lastKnownFileType = sourcecode.swift; path = PostImageCell.swift; sourceTree = "<group>"; };
		AE91EE4C1F02FD530090B4D2 /* PostHeaderCell.swift */ = {isa = PBXFileReference; fileEncoding = 4; lastKnownFileType = sourcecode.swift; path = PostHeaderCell.swift; sourceTree = "<group>"; };
		AE91EE4E1F02FED60090B4D2 /* PostActionCell.swift */ = {isa = PBXFileReference; fileEncoding = 4; lastKnownFileType = sourcecode.swift; path = PostActionCell.swift; sourceTree = "<group>"; };
		AE91EE501F030D6A0090B4D2 /* LikeService.swift */ = {isa = PBXFileReference; fileEncoding = 4; lastKnownFileType = sourcecode.swift; path = LikeService.swift; sourceTree = "<group>"; };
		EA01A69ED5018AA61FA41492 /* Pods-Makestagram.debug.xcconfig */ = {isa = PBXFileReference; includeInIndex = 1; lastKnownFileType = text.xcconfig; name = "Pods-Makestagram.debug.xcconfig"; path = "Pods/Target Support Files/Pods-Makestagram/Pods-Makestagram.debug.xcconfig"; sourceTree = "<group>"; };
/* End PBXFileReference section */

/* Begin PBXFrameworksBuildPhase section */
		AE4A66F51EFD767100E560BE /* Frameworks */ = {
			isa = PBXFrameworksBuildPhase;
			buildActionMask = 2147483647;
			files = (
				2BF335E62C09306F0950C3DE /* Pods_Makestagram.framework in Frameworks */,
			);
			runOnlyForDeploymentPostprocessing = 0;
		};
/* End PBXFrameworksBuildPhase section */

/* Begin PBXGroup section */
		2CB268C9330B58913D1C1D3A /* Frameworks */ = {
			isa = PBXGroup;
			children = (
				459D42A63E0AE93DC2EB17D4 /* Pods_Makestagram.framework */,
			);
			name = Frameworks;
			sourceTree = "<group>";
		};
		AE4A66EF1EFD767100E560BE = {
			isa = PBXGroup;
			children = (
				AE4A66FA1EFD767100E560BE /* Makestagram */,
				AE4A66F91EFD767100E560BE /* Products */,
				F7BE903BFAA4750B0CE534C5 /* Pods */,
				2CB268C9330B58913D1C1D3A /* Frameworks */,
			);
			sourceTree = "<group>";
		};
		AE4A66F91EFD767100E560BE /* Products */ = {
			isa = PBXGroup;
			children = (
				AE4A66F81EFD767100E560BE /* Makestagram.app */,
			);
			name = Products;
			sourceTree = "<group>";
		};
		AE4A66FA1EFD767100E560BE /* Makestagram */ = {
			isa = PBXGroup;
			children = (
				AE83A3571F02E0A8007CC939 /* Views */,
				AE62FB4D1F02C48C00B43C5A /* Helpers */,
				AE62FB441F01C07D00B43C5A /* Extensions */,
				AE62FB3D1F01B41D00B43C5A /* Services */,
				AE62FB381F01A1F100B43C5A /* Models */,
				AE62FB311F0175A000B43C5A /* View Controllers */,
				AE62FB331F0175BC00B43C5A /* Supporting Files */,
				AE62FB321F0175AF00B43C5A /* Storyboards */,
				AE4A66FB1EFD767100E560BE /* AppDelegate.swift */,
				AE4A67021EFD767100E560BE /* Assets.xcassets */,
			);
			path = Makestagram;
			sourceTree = "<group>";
		};
		AE62FB311F0175A000B43C5A /* View Controllers */ = {
			isa = PBXGroup;
			children = (
				AE62FB361F0179CA00B43C5A /* LoginViewController.swift */,
				AE62FB3B1F01ACB500B43C5A /* CreateUsernameViewController.swift */,
				AE62FB471F02BD8700B43C5A /* HomeViewController.swift */,
				AE62FB491F02BD9600B43C5A /* FindFriendsViewController.swift */,
				AE62FB4B1F02C2F700B43C5A /* MainTabBarController.swift */,
			);
			name = "View Controllers";
			sourceTree = "<group>";
		};
		AE62FB321F0175AF00B43C5A /* Storyboards */ = {
			isa = PBXGroup;
			children = (
				AE83A3551F02DAE3007CC939 /* Home.storyboard */,
				AE62FB271F0174C600B43C5A /* Main.storyboard */,
				AE62FB341F01791200B43C5A /* Login.storyboard */,
			);
			name = Storyboards;
			sourceTree = "<group>";
		};
		AE62FB331F0175BC00B43C5A /* Supporting Files */ = {
			isa = PBXGroup;
			children = (
				AE62FB251F01749D00B43C5A /* GoogleService-Info.plist */,
				AE62FB2D1F01756900B43C5A /* Info.plist */,
				AE62FB2F1F01756E00B43C5A /* LaunchScreen.storyboard */,
				AE62FB421F01BFE300B43C5A /* Constants.swift */,
			);
			name = "Supporting Files";
			sourceTree = "<group>";
		};
		AE62FB381F01A1F100B43C5A /* Models */ = {
			isa = PBXGroup;
			children = (
				AE62FB391F01A1FE00B43C5A /* User.swift */,
				AE62FB561F02CFB300B43C5A /* Post.swift */,
			);
			name = Models;
			sourceTree = "<group>";
		};
		AE62FB3D1F01B41D00B43C5A /* Services */ = {
			isa = PBXGroup;
			children = (
				AE62FB401F01B44F00B43C5A /* UserService.swift */,
				AE62FB521F02CAE300B43C5A /* StorageService.swift */,
				AE62FB541F02CB7E00B43C5A /* PostService.swift */,
				AE91EE501F030D6A0090B4D2 /* LikeService.swift */,
			);
			name = Services;
			sourceTree = "<group>";
		};
		AE62FB441F01C07D00B43C5A /* Extensions */ = {
			isa = PBXGroup;
			children = (
				AE62FB451F01C09300B43C5A /* Storyboard+Utility.swift */,
				AE83A34F1F02D289007CC939 /* UIImage+Size.swift */,
				AE83A3511F02D347007CC939 /* StorageReference+Post.swift */,
			);
			name = Extensions;
			sourceTree = "<group>";
		};
		AE62FB4D1F02C48C00B43C5A /* Helpers */ = {
			isa = PBXGroup;
			children = (
				AE62FB501F02C4C100B43C5A /* MGPhotoHelper.swift */,
			);
			name = Helpers;
			sourceTree = "<group>";
		};
		AE83A3571F02E0A8007CC939 /* Views */ = {
			isa = PBXGroup;
			children = (
				AE83A3581F02E0B6007CC939 /* PostImageCell.swift */,
				AE91EE4C1F02FD530090B4D2 /* PostHeaderCell.swift */,
				AE91EE4E1F02FED60090B4D2 /* PostActionCell.swift */,
			);
			name = Views;
			sourceTree = "<group>";
		};
		F7BE903BFAA4750B0CE534C5 /* Pods */ = {
			isa = PBXGroup;
			children = (
				EA01A69ED5018AA61FA41492 /* Pods-Makestagram.debug.xcconfig */,
				A1F4056348A8A437DA678155 /* Pods-Makestagram.release.xcconfig */,
			);
			name = Pods;
			sourceTree = "<group>";
		};
/* End PBXGroup section */

/* Begin PBXNativeTarget section */
		AE4A66F71EFD767100E560BE /* Makestagram */ = {
			isa = PBXNativeTarget;
			buildConfigurationList = AE4A670A1EFD767100E560BE /* Build configuration list for PBXNativeTarget "Makestagram" */;
			buildPhases = (
				D8A79E97B7DAB8BE620FCB8B /* [CP] Check Pods Manifest.lock */,
				AE4A66F41EFD767100E560BE /* Sources */,
				AE4A66F51EFD767100E560BE /* Frameworks */,
				AE4A66F61EFD767100E560BE /* Resources */,
				C3528CE60FE23D9276D396F9 /* [CP] Embed Pods Frameworks */,
				ED2BADE2323DE5057C4F4E99 /* [CP] Copy Pods Resources */,
			);
			buildRules = (
			);
			dependencies = (
			);
			name = Makestagram;
			productName = Makestagram;
			productReference = AE4A66F81EFD767100E560BE /* Makestagram.app */;
			productType = "com.apple.product-type.application";
		};
/* End PBXNativeTarget section */

/* Begin PBXProject section */
		AE4A66F01EFD767100E560BE /* Project object */ = {
			isa = PBXProject;
			attributes = {
				LastSwiftUpdateCheck = 0830;
				LastUpgradeCheck = 0830;
				ORGANIZATIONNAME = MakeSchool;
				TargetAttributes = {
					AE4A66F71EFD767100E560BE = {
						CreatedOnToolsVersion = 8.3.3;
						DevelopmentTeam = Z3HW2AT2MM;
						ProvisioningStyle = Automatic;
					};
				};
			};
			buildConfigurationList = AE4A66F31EFD767100E560BE /* Build configuration list for PBXProject "Makestagram" */;
			compatibilityVersion = "Xcode 3.2";
			developmentRegion = English;
			hasScannedForEncodings = 0;
			knownRegions = (
				en,
				Base,
			);
			mainGroup = AE4A66EF1EFD767100E560BE;
			productRefGroup = AE4A66F91EFD767100E560BE /* Products */;
			projectDirPath = "";
			projectRoot = "";
			targets = (
				AE4A66F71EFD767100E560BE /* Makestagram */,
			);
		};
/* End PBXProject section */

/* Begin PBXResourcesBuildPhase section */
		AE4A66F61EFD767100E560BE /* Resources */ = {
			isa = PBXResourcesBuildPhase;
			buildActionMask = 2147483647;
			files = (
				AE4A67031EFD767100E560BE /* Assets.xcassets in Resources */,
				AE62FB281F0174C600B43C5A /* Main.storyboard in Resources */,
				AE62FB301F01756E00B43C5A /* LaunchScreen.storyboard in Resources */,
				AE83A3561F02DAE3007CC939 /* Home.storyboard in Resources */,
				AE62FB351F01791200B43C5A /* Login.storyboard in Resources */,
				AE62FB261F01749D00B43C5A /* GoogleService-Info.plist in Resources */,
			);
			runOnlyForDeploymentPostprocessing = 0;
		};
/* End PBXResourcesBuildPhase section */

/* Begin PBXShellScriptBuildPhase section */
		C3528CE60FE23D9276D396F9 /* [CP] Embed Pods Frameworks */ = {
			isa = PBXShellScriptBuildPhase;
			buildActionMask = 2147483647;
			files = (
			);
			inputPaths = (
			);
			name = "[CP] Embed Pods Frameworks";
			outputPaths = (
			);
			runOnlyForDeploymentPostprocessing = 0;
			shellPath = /bin/sh;
			shellScript = "\"${SRCROOT}/Pods/Target Support Files/Pods-Makestagram/Pods-Makestagram-frameworks.sh\"\n";
			showEnvVarsInLog = 0;
		};
		D8A79E97B7DAB8BE620FCB8B /* [CP] Check Pods Manifest.lock */ = {
			isa = PBXShellScriptBuildPhase;
			buildActionMask = 2147483647;
			files = (
			);
			inputPaths = (
			);
			name = "[CP] Check Pods Manifest.lock";
			outputPaths = (
			);
			runOnlyForDeploymentPostprocessing = 0;
			shellPath = /bin/sh;
			shellScript = "diff \"${PODS_PODFILE_DIR_PATH}/Podfile.lock\" \"${PODS_ROOT}/Manifest.lock\" > /dev/null\nif [ $? != 0 ] ; then\n    # print error to STDERR\n    echo \"error: The sandbox is not in sync with the Podfile.lock. Run 'pod install' or update your CocoaPods installation.\" >&2\n    exit 1\nfi\n";
			showEnvVarsInLog = 0;
		};
		ED2BADE2323DE5057C4F4E99 /* [CP] Copy Pods Resources */ = {
			isa = PBXShellScriptBuildPhase;
			buildActionMask = 2147483647;
			files = (
			);
			inputPaths = (
			);
			name = "[CP] Copy Pods Resources";
			outputPaths = (
			);
			runOnlyForDeploymentPostprocessing = 0;
			shellPath = /bin/sh;
			shellScript = "\"${SRCROOT}/Pods/Target Support Files/Pods-Makestagram/Pods-Makestagram-resources.sh\"\n";
			showEnvVarsInLog = 0;
		};
/* End PBXShellScriptBuildPhase section */

/* Begin PBXSourcesBuildPhase section */
		AE4A66F41EFD767100E560BE /* Sources */ = {
			isa = PBXSourcesBuildPhase;
			buildActionMask = 2147483647;
			files = (
				AE62FB3A1F01A1FE00B43C5A /* User.swift in Sources */,
				AE62FB531F02CAE300B43C5A /* StorageService.swift in Sources */,
				AE62FB371F0179CA00B43C5A /* LoginViewController.swift in Sources */,
				AE62FB4C1F02C2F700B43C5A /* MainTabBarController.swift in Sources */,
				AE62FB411F01B44F00B43C5A /* UserService.swift in Sources */,
				AE91EE4F1F02FED60090B4D2 /* PostActionCell.swift in Sources */,
				AE91EE511F030D6A0090B4D2 /* LikeService.swift in Sources */,
				AE62FB571F02CFB300B43C5A /* Post.swift in Sources */,
				AE83A3591F02E0B6007CC939 /* PostImageCell.swift in Sources */,
				AE83A3501F02D289007CC939 /* UIImage+Size.swift in Sources */,
				AE62FB481F02BD8700B43C5A /* HomeViewController.swift in Sources */,
				AE62FB511F02C4C100B43C5A /* MGPhotoHelper.swift in Sources */,
				AE62FB461F01C09300B43C5A /* Storyboard+Utility.swift in Sources */,
				AE62FB4A1F02BD9600B43C5A /* FindFriendsViewController.swift in Sources */,
				AE83A3521F02D347007CC939 /* StorageReference+Post.swift in Sources */,
				AE62FB431F01BFE300B43C5A /* Constants.swift in Sources */,
				AE62FB551F02CB7E00B43C5A /* PostService.swift in Sources */,
				AE62FB3C1F01ACB500B43C5A /* CreateUsernameViewController.swift in Sources */,
				AE91EE4D1F02FD530090B4D2 /* PostHeaderCell.swift in Sources */,
				AE4A66FC1EFD767100E560BE /* AppDelegate.swift in Sources */,
			);
			runOnlyForDeploymentPostprocessing = 0;
		};
/* End PBXSourcesBuildPhase section */

/* Begin XCBuildConfiguration section */
		AE4A67081EFD767100E560BE /* Debug */ = {
			isa = XCBuildConfiguration;
			buildSettings = {
				ALWAYS_SEARCH_USER_PATHS = NO;
				CLANG_ANALYZER_NONNULL = YES;
				CLANG_ANALYZER_NUMBER_OBJECT_CONVERSION = YES_AGGRESSIVE;
				CLANG_CXX_LANGUAGE_STANDARD = "gnu++0x";
				CLANG_CXX_LIBRARY = "libc++";
				CLANG_ENABLE_MODULES = YES;
				CLANG_ENABLE_OBJC_ARC = YES;
				CLANG_WARN_BOOL_CONVERSION = YES;
				CLANG_WARN_CONSTANT_CONVERSION = YES;
				CLANG_WARN_DIRECT_OBJC_ISA_USAGE = YES_ERROR;
				CLANG_WARN_DOCUMENTATION_COMMENTS = YES;
				CLANG_WARN_EMPTY_BODY = YES;
				CLANG_WARN_ENUM_CONVERSION = YES;
				CLANG_WARN_INFINITE_RECURSION = YES;
				CLANG_WARN_INT_CONVERSION = YES;
				CLANG_WARN_OBJC_ROOT_CLASS = YES_ERROR;
				CLANG_WARN_SUSPICIOUS_MOVE = YES;
				CLANG_WARN_UNREACHABLE_CODE = YES;
				CLANG_WARN__DUPLICATE_METHOD_MATCH = YES;
				"CODE_SIGN_IDENTITY[sdk=iphoneos*]" = "iPhone Developer";
				COPY_PHASE_STRIP = NO;
				DEBUG_INFORMATION_FORMAT = dwarf;
				ENABLE_STRICT_OBJC_MSGSEND = YES;
				ENABLE_TESTABILITY = YES;
				GCC_C_LANGUAGE_STANDARD = gnu99;
				GCC_DYNAMIC_NO_PIC = NO;
				GCC_NO_COMMON_BLOCKS = YES;
				GCC_OPTIMIZATION_LEVEL = 0;
				GCC_PREPROCESSOR_DEFINITIONS = (
					"DEBUG=1",
					"$(inherited)",
				);
				GCC_WARN_64_TO_32_BIT_CONVERSION = YES;
				GCC_WARN_ABOUT_RETURN_TYPE = YES_ERROR;
				GCC_WARN_UNDECLARED_SELECTOR = YES;
				GCC_WARN_UNINITIALIZED_AUTOS = YES_AGGRESSIVE;
				GCC_WARN_UNUSED_FUNCTION = YES;
				GCC_WARN_UNUSED_VARIABLE = YES;
				IPHONEOS_DEPLOYMENT_TARGET = 10.3;
				MTL_ENABLE_DEBUG_INFO = YES;
				ONLY_ACTIVE_ARCH = YES;
				SDKROOT = iphoneos;
				SWIFT_ACTIVE_COMPILATION_CONDITIONS = DEBUG;
				SWIFT_OPTIMIZATION_LEVEL = "-Onone";
			};
			name = Debug;
		};
		AE4A67091EFD767100E560BE /* Release */ = {
			isa = XCBuildConfiguration;
			buildSettings = {
				ALWAYS_SEARCH_USER_PATHS = NO;
				CLANG_ANALYZER_NONNULL = YES;
				CLANG_ANALYZER_NUMBER_OBJECT_CONVERSION = YES_AGGRESSIVE;
				CLANG_CXX_LANGUAGE_STANDARD = "gnu++0x";
				CLANG_CXX_LIBRARY = "libc++";
				CLANG_ENABLE_MODULES = YES;
				CLANG_ENABLE_OBJC_ARC = YES;
				CLANG_WARN_BOOL_CONVERSION = YES;
				CLANG_WARN_CONSTANT_CONVERSION = YES;
				CLANG_WARN_DIRECT_OBJC_ISA_USAGE = YES_ERROR;
				CLANG_WARN_DOCUMENTATION_COMMENTS = YES;
				CLANG_WARN_EMPTY_BODY = YES;
				CLANG_WARN_ENUM_CONVERSION = YES;
				CLANG_WARN_INFINITE_RECURSION = YES;
				CLANG_WARN_INT_CONVERSION = YES;
				CLANG_WARN_OBJC_ROOT_CLASS = YES_ERROR;
				CLANG_WARN_SUSPICIOUS_MOVE = YES;
				CLANG_WARN_UNREACHABLE_CODE = YES;
				CLANG_WARN__DUPLICATE_METHOD_MATCH = YES;
				"CODE_SIGN_IDENTITY[sdk=iphoneos*]" = "iPhone Developer";
				COPY_PHASE_STRIP = NO;
				DEBUG_INFORMATION_FORMAT = "dwarf-with-dsym";
				ENABLE_NS_ASSERTIONS = NO;
				ENABLE_STRICT_OBJC_MSGSEND = YES;
				GCC_C_LANGUAGE_STANDARD = gnu99;
				GCC_NO_COMMON_BLOCKS = YES;
				GCC_WARN_64_TO_32_BIT_CONVERSION = YES;
				GCC_WARN_ABOUT_RETURN_TYPE = YES_ERROR;
				GCC_WARN_UNDECLARED_SELECTOR = YES;
				GCC_WARN_UNINITIALIZED_AUTOS = YES_AGGRESSIVE;
				GCC_WARN_UNUSED_FUNCTION = YES;
				GCC_WARN_UNUSED_VARIABLE = YES;
				IPHONEOS_DEPLOYMENT_TARGET = 10.3;
				MTL_ENABLE_DEBUG_INFO = NO;
				SDKROOT = iphoneos;
				SWIFT_OPTIMIZATION_LEVEL = "-Owholemodule";
				VALIDATE_PRODUCT = YES;
			};
			name = Release;
		};
		AE4A670B1EFD767100E560BE /* Debug */ = {
			isa = XCBuildConfiguration;
			baseConfigurationReference = EA01A69ED5018AA61FA41492 /* Pods-Makestagram.debug.xcconfig */;
			buildSettings = {
				ASSETCATALOG_COMPILER_APPICON_NAME = AppIcon;
				DEVELOPMENT_TEAM = Z3HW2AT2MM;
				INFOPLIST_FILE = "$(SRCROOT)/Makestagram/Supporting/Info.plist";
				LD_RUNPATH_SEARCH_PATHS = "$(inherited) @executable_path/Frameworks";
				PRODUCT_BUNDLE_IDENTIFIER = us.duncanmacdonald.Makestagram;
				PRODUCT_NAME = "$(TARGET_NAME)";
				SWIFT_VERSION = 3.0;
			};
			name = Debug;
		};
		AE4A670C1EFD767100E560BE /* Release */ = {
			isa = XCBuildConfiguration;
			baseConfigurationReference = A1F4056348A8A437DA678155 /* Pods-Makestagram.release.xcconfig */;
			buildSettings = {
				ASSETCATALOG_COMPILER_APPICON_NAME = AppIcon;
				DEVELOPMENT_TEAM = Z3HW2AT2MM;
				INFOPLIST_FILE = "$(SRCROOT)/Makestagram/Supporting/Info.plist";
				LD_RUNPATH_SEARCH_PATHS = "$(inherited) @executable_path/Frameworks";
				PRODUCT_BUNDLE_IDENTIFIER = us.duncanmacdonald.Makestagram;
				PRODUCT_NAME = "$(TARGET_NAME)";
				SWIFT_VERSION = 3.0;
			};
			name = Release;
		};
/* End XCBuildConfiguration section */

/* Begin XCConfigurationList section */
		AE4A66F31EFD767100E560BE /* Build configuration list for PBXProject "Makestagram" */ = {
			isa = XCConfigurationList;
			buildConfigurations = (
				AE4A67081EFD767100E560BE /* Debug */,
				AE4A67091EFD767100E560BE /* Release */,
			);
			defaultConfigurationIsVisible = 0;
			defaultConfigurationName = Release;
		};
		AE4A670A1EFD767100E560BE /* Build configuration list for PBXNativeTarget "Makestagram" */ = {
			isa = XCConfigurationList;
			buildConfigurations = (
				AE4A670B1EFD767100E560BE /* Debug */,
				AE4A670C1EFD767100E560BE /* Release */,
			);
			defaultConfigurationIsVisible = 0;
			defaultConfigurationName = Release;
		};
/* End XCConfigurationList section */
	};
	rootObject = AE4A66F01EFD767100E560BE /* Project object */;
}
